
Microsoft Visual Studio Solution File, Format Version 11.00
# Visual Studio 2010
Project("{FAE04EC0-301F-11D3-BF4B-00C04F79EFBC}") = "Surfvind 2011", "Surfvind\Surfvind.csproj", "{CAB644D0-67F2-4026-935C-1F8E2003E40E}"
EndProject
Global
	GlobalSection(SolutionConfigurationPlatforms) = preSolution
		Debug|Any CPU = Debug|Any CPU
		Release|Any CPU = Release|Any CPU
	EndGlobalSection
	GlobalSection(ProjectConfigurationPlatforms) = postSolution
		{CAB644D0-67F2-4026-935C-1F8E2003E40E}.Debug|Any CPU.ActiveCfg = Debug|Any CPU
		{CAB644D0-67F2-4026-935C-1F8E2003E40E}.Debug|Any CPU.Build.0 = Debug|Any CPU
		{CAB644D0-67F2-4026-935C-1F8E2003E40E}.Release|Any CPU.ActiveCfg = Release|Any CPU
		{CAB644D0-67F2-4026-935C-1F8E2003E40E}.Release|Any CPU.Build.0 = Release|Any CPU
	EndGlobalSection
	GlobalSection(SolutionProperties) = preSolution
		HideSolutionNode = FALSE
	EndGlobalSection
EndGlobal
