
Microsoft Visual Studio Solution File, Format Version 11.00
# Visual Studio 2010
Project("{E24C65DC-7377-472B-9ABA-BC803B73C61A}") = "Vindinfo", "C:\Users\thomas\Vindinfo\", "{8044E20B-2FCD-4223-A3F2-ABA57440440E}"
	ProjectSection(WebsiteProperties) = preProject
		TargetFrameworkMoniker = ".NETFramework,Version%3Dv4.0"
		Debug.AspNetCompiler.VirtualPath = "/Vindinfo"
		Debug.AspNetCompiler.PhysicalPath = "..\Vindinfo\"
		Debug.AspNetCompiler.TargetPath = "PrecompiledWeb\Vindinfo\"
		Debug.AspNetCompiler.Updateable = "true"
		Debug.AspNetCompiler.ForceOverwrite = "true"
		Debug.AspNetCompiler.FixedNames = "false"
		Debug.AspNetCompiler.Debug = "True"
		Release.AspNetCompiler.VirtualPath = "/Vindinfo"
		Release.AspNetCompiler.PhysicalPath = "..\Vindinfo\"
		Release.AspNetCompiler.TargetPath = "PrecompiledWeb\Vindinfo\"
		Release.AspNetCompiler.Updateable = "true"
		Release.AspNetCompiler.ForceOverwrite = "true"
		Release.AspNetCompiler.FixedNames = "false"
		Release.AspNetCompiler.Debug = "False"
		VWDPort = "4524"
		DefaultWebSiteLanguage = "Visual C#"
	EndProjectSection
EndProject
Global
	GlobalSection(SolutionConfigurationPlatforms) = preSolution
		Debug|.NET = Debug|.NET
	EndGlobalSection
	GlobalSection(ProjectConfigurationPlatforms) = postSolution
		{8044E20B-2FCD-4223-A3F2-ABA57440440E}.Debug|.NET.ActiveCfg = Debug|.NET
		{8044E20B-2FCD-4223-A3F2-ABA57440440E}.Debug|.NET.Build.0 = Debug|.NET
	EndGlobalSection
	GlobalSection(SolutionProperties) = preSolution
		HideSolutionNode = FALSE
	EndGlobalSection
EndGlobal
